
Microsoft Visual Studio Solution File, Format Version 12.00
# Visual Studio 15
VisualStudioVersion = 15.0.25807.0
MinimumVisualStudioVersion = 10.0.40219.1
Project("{2150E333-8FDC-42A3-9474-1A3956D46DE8}") = "Engine", "Engine", "{6C13CA17-86B0-4FA6-922B-D99F9182A081}"
EndProject
Project("{2150E333-8FDC-42A3-9474-1A3956D46DE8}") = "Games", "Games", "{5961D422-3125-40A0-8AFF-A57854E8D208}"
EndProject
Project("{8BC9CEB8-8B4A-11D0-8D11-00A0C91BC942}") = "UE4", "Intermediate\ProjectFiles\UE4.vcxproj", "{C5DF78FC-58FD-4DF9-A6BB-CE68A4DE0F93}"
EndProject
Project("{8BC9CEB8-8B4A-11D0-8D11-00A0C91BC942}") = "Subterra", "Intermediate\ProjectFiles\Subterra.vcxproj", "{A75701CE-9193-4F72-A2FA-AA18C45F404F}"
EndProject
Project("{2150E333-8FDC-42A3-9474-1A3956D46DE8}") = "Visualizers", "Visualizers", "{3DEEF403-B635-430A-86E4-8C01DC75143B}"
	ProjectSection(SolutionItems) = preProject
		..\..\..\..\..\Program Files\Epic Games\UE_4.21\Engine\Extras\VisualStudioDebugging\UE4.natvis = ..\..\..\..\..\Program Files\Epic Games\UE_4.21\Engine\Extras\VisualStudioDebugging\UE4.natvis
	EndProjectSection
EndProject
Global
	GlobalSection(SolutionConfigurationPlatforms) = preSolution
		DebugGame Editor|HTML5 = DebugGame Editor|HTML5
		DebugGame Editor|Win32 = DebugGame Editor|Win32
		DebugGame Editor|Win64 = DebugGame Editor|Win64
		DebugGame|HTML5 = DebugGame|HTML5
		DebugGame|Win32 = DebugGame|Win32
		DebugGame|Win64 = DebugGame|Win64
		Development Editor|HTML5 = Development Editor|HTML5
		Development Editor|Win32 = Development Editor|Win32
		Development Editor|Win64 = Development Editor|Win64
		Development|HTML5 = Development|HTML5
		Development|Win32 = Development|Win32
		Development|Win64 = Development|Win64
		Shipping|HTML5 = Shipping|HTML5
		Shipping|Win32 = Shipping|Win32
		Shipping|Win64 = Shipping|Win64
	EndGlobalSection
	GlobalSection(ProjectConfigurationPlatforms) = postSolution
		{C5DF78FC-58FD-4DF9-A6BB-CE68A4DE0F93}.DebugGame Editor|HTML5.ActiveCfg = BuiltWithUnrealBuildTool|Win32
		{C5DF78FC-58FD-4DF9-A6BB-CE68A4DE0F93}.DebugGame Editor|Win32.ActiveCfg = BuiltWithUnrealBuildTool|Win32
		{C5DF78FC-58FD-4DF9-A6BB-CE68A4DE0F93}.DebugGame Editor|Win64.ActiveCfg = BuiltWithUnrealBuildTool|Win32
		{C5DF78FC-58FD-4DF9-A6BB-CE68A4DE0F93}.DebugGame|HTML5.ActiveCfg = BuiltWithUnrealBuildTool|Win32
		{C5DF78FC-58FD-4DF9-A6BB-CE68A4DE0F93}.DebugGame|Win32.ActiveCfg = BuiltWithUnrealBuildTool|Win32
		{C5DF78FC-58FD-4DF9-A6BB-CE68A4DE0F93}.DebugGame|Win64.ActiveCfg = BuiltWithUnrealBuildTool|Win32
		{C5DF78FC-58FD-4DF9-A6BB-CE68A4DE0F93}.Development Editor|HTML5.ActiveCfg = BuiltWithUnrealBuildTool|Win32
		{C5DF78FC-58FD-4DF9-A6BB-CE68A4DE0F93}.Development Editor|Win32.ActiveCfg = BuiltWithUnrealBuildTool|Win32
		{C5DF78FC-58FD-4DF9-A6BB-CE68A4DE0F93}.Development Editor|Win64.ActiveCfg = BuiltWithUnrealBuildTool|Win32
		{C5DF78FC-58FD-4DF9-A6BB-CE68A4DE0F93}.Development|HTML5.ActiveCfg = BuiltWithUnrealBuildTool|Win32
		{C5DF78FC-58FD-4DF9-A6BB-CE68A4DE0F93}.Development|Win32.ActiveCfg = BuiltWithUnrealBuildTool|Win32
		{C5DF78FC-58FD-4DF9-A6BB-CE68A4DE0F93}.Development|Win64.ActiveCfg = BuiltWithUnrealBuildTool|Win32
		{C5DF78FC-58FD-4DF9-A6BB-CE68A4DE0F93}.Shipping|HTML5.ActiveCfg = BuiltWithUnrealBuildTool|Win32
		{C5DF78FC-58FD-4DF9-A6BB-CE68A4DE0F93}.Shipping|Win32.ActiveCfg = BuiltWithUnrealBuildTool|Win32
		{C5DF78FC-58FD-4DF9-A6BB-CE68A4DE0F93}.Shipping|Win64.ActiveCfg = BuiltWithUnrealBuildTool|Win32
		{A75701CE-9193-4F72-A2FA-AA18C45F404F}.DebugGame Editor|HTML5.ActiveCfg = Invalid|Win32
		{A75701CE-9193-4F72-A2FA-AA18C45F404F}.DebugGame Editor|Win32.ActiveCfg = Invalid|Win32
		{A75701CE-9193-4F72-A2FA-AA18C45F404F}.DebugGame Editor|Win64.ActiveCfg = DebugGame_Editor|x64
		{A75701CE-9193-4F72-A2FA-AA18C45F404F}.DebugGame Editor|Win64.Build.0 = DebugGame_Editor|x64
		{A75701CE-9193-4F72-A2FA-AA18C45F404F}.DebugGame|HTML5.ActiveCfg = HTML5_DebugGame|Win32
		{A75701CE-9193-4F72-A2FA-AA18C45F404F}.DebugGame|HTML5.Build.0 = HTML5_DebugGame|Win32
		{A75701CE-9193-4F72-A2FA-AA18C45F404F}.DebugGame|Win32.ActiveCfg = DebugGame|Win32
		{A75701CE-9193-4F72-A2FA-AA18C45F404F}.DebugGame|Win32.Build.0 = DebugGame|Win32
		{A75701CE-9193-4F72-A2FA-AA18C45F404F}.DebugGame|Win64.ActiveCfg = DebugGame|x64
		{A75701CE-9193-4F72-A2FA-AA18C45F404F}.DebugGame|Win64.Build.0 = DebugGame|x64
		{A75701CE-9193-4F72-A2FA-AA18C45F404F}.Development Editor|HTML5.ActiveCfg = Invalid|Win32
		{A75701CE-9193-4F72-A2FA-AA18C45F404F}.Development Editor|Win32.ActiveCfg = Invalid|Win32
		{A75701CE-9193-4F72-A2FA-AA18C45F404F}.Development Editor|Win64.ActiveCfg = Development_Editor|x64
		{A75701CE-9193-4F72-A2FA-AA18C45F404F}.Development Editor|Win64.Build.0 = Development_Editor|x64
		{A75701CE-9193-4F72-A2FA-AA18C45F404F}.Development|HTML5.ActiveCfg = HTML5_Development|Win32
		{A75701CE-9193-4F72-A2FA-AA18C45F404F}.Development|HTML5.Build.0 = HTML5_Development|Win32
		{A75701CE-9193-4F72-A2FA-AA18C45F404F}.Development|Win32.ActiveCfg = Development|Win32
		{A75701CE-9193-4F72-A2FA-AA18C45F404F}.Development|Win32.Build.0 = Development|Win32
		{A75701CE-9193-4F72-A2FA-AA18C45F404F}.Development|Win64.ActiveCfg = Development|x64
		{A75701CE-9193-4F72-A2FA-AA18C45F404F}.Development|Win64.Build.0 = Development|x64
		{A75701CE-9193-4F72-A2FA-AA18C45F404F}.Shipping|HTML5.ActiveCfg = HTML5_Shipping|Win32
		{A75701CE-9193-4F72-A2FA-AA18C45F404F}.Shipping|HTML5.Build.0 = HTML5_Shipping|Win32
		{A75701CE-9193-4F72-A2FA-AA18C45F404F}.Shipping|Win32.ActiveCfg = Shipping|Win32
		{A75701CE-9193-4F72-A2FA-AA18C45F404F}.Shipping|Win32.Build.0 = Shipping|Win32
		{A75701CE-9193-4F72-A2FA-AA18C45F404F}.Shipping|Win64.ActiveCfg = Shipping|x64
		{A75701CE-9193-4F72-A2FA-AA18C45F404F}.Shipping|Win64.Build.0 = Shipping|x64
	EndGlobalSection
	GlobalSection(SolutionProperties) = preSolution
		HideSolutionNode = FALSE
	EndGlobalSection
	GlobalSection(NestedProjects) = preSolution
		{C5DF78FC-58FD-4DF9-A6BB-CE68A4DE0F93} = {6C13CA17-86B0-4FA6-922B-D99F9182A081}
		{A75701CE-9193-4F72-A2FA-AA18C45F404F} = {5961D422-3125-40A0-8AFF-A57854E8D208}
	EndGlobalSection
EndGlobal
